
Microsoft Visual Studio Solution File, Format Version 12.00
# Visual Studio Version 17
VisualStudioVersion = 17.13.35818.85 d17.13
MinimumVisualStudioVersion = 10.0.40219.1
Project("{FAE04EC0-301F-11D3-BF4B-00C04F79EFBC}") = "Examen1", "Examen1.csproj", "{7AEC75D8-B9BE-4652-BB6E-9F7E88AB41FD}"
EndProject
Global
	GlobalSection(SolutionConfigurationPlatforms) = preSolution
		Debug|Any CPU = Debug|Any CPU
		Release|Any CPU = Release|Any CPU
	EndGlobalSection
	GlobalSection(ProjectConfigurationPlatforms) = postSolution
		{7AEC75D8-B9BE-4652-BB6E-9F7E88AB41FD}.Debug|Any CPU.ActiveCfg = Debug|Any CPU
		{7AEC75D8-B9BE-4652-BB6E-9F7E88AB41FD}.Debug|Any CPU.Build.0 = Debug|Any CPU
		{7AEC75D8-B9BE-4652-BB6E-9F7E88AB41FD}.Release|Any CPU.ActiveCfg = Release|Any CPU
		{7AEC75D8-B9BE-4652-BB6E-9F7E88AB41FD}.Release|Any CPU.Build.0 = Release|Any CPU
	EndGlobalSection
	GlobalSection(SolutionProperties) = preSolution
		HideSolutionNode = FALSE
	EndGlobalSection
	GlobalSection(ExtensibilityGlobals) = postSolution
		SolutionGuid = {913ED199-C5C4-4428-94EE-BBFFF76290E0}
	EndGlobalSection
EndGlobal
